
Microsoft Visual Studio Solution File, Format Version 12.00
# Visual Studio Version 17
VisualStudioVersion = 17.5.33627.172
MinimumVisualStudioVersion = 10.0.40219.1
Project("{9A19103F-16F7-4668-BE54-9A1E7A4F7556}") = "ProniaBackEnd", "ProniaBackEnd.csproj", "{0A5E24B3-96A3-482D-A90B-B13A776B5491}"
EndProject
Global
	GlobalSection(SolutionConfigurationPlatforms) = preSolution
		Debug|Any CPU = Debug|Any CPU
		Release|Any CPU = Release|Any CPU
	EndGlobalSection
	GlobalSection(ProjectConfigurationPlatforms) = postSolution
		{0A5E24B3-96A3-482D-A90B-B13A776B5491}.Debug|Any CPU.ActiveCfg = Debug|Any CPU
		{0A5E24B3-96A3-482D-A90B-B13A776B5491}.Debug|Any CPU.Build.0 = Debug|Any CPU
		{0A5E24B3-96A3-482D-A90B-B13A776B5491}.Release|Any CPU.ActiveCfg = Release|Any CPU
		{0A5E24B3-96A3-482D-A90B-B13A776B5491}.Release|Any CPU.Build.0 = Release|Any CPU
	EndGlobalSection
	GlobalSection(SolutionProperties) = preSolution
		HideSolutionNode = FALSE
	EndGlobalSection
	GlobalSection(ExtensibilityGlobals) = postSolution
		SolutionGuid = {E9E4A6C2-ADDF-4E9C-A099-17633EE4C50C}
	EndGlobalSection
EndGlobal
